
Microsoft Visual Studio Solution File, Format Version 12.00
# Visual Studio Version 17
VisualStudioVersion = 17.8.34511.84
MinimumVisualStudioVersion = 10.0.40219.1
Project("{FAE04EC0-301F-11D3-BF4B-00C04F79EFBC}") = "ContosoUniversity", "ContosoUniversity\ContosoUniversity.csproj", "{0AD47F43-29CD-4FC2-9771-D09243887D49}"
EndProject
Global
	GlobalSection(SolutionConfigurationPlatforms) = preSolution
		Debug|Any CPU = Debug|Any CPU
		Release|Any CPU = Release|Any CPU
	EndGlobalSection
	GlobalSection(ProjectConfigurationPlatforms) = postSolution
		{0AD47F43-29CD-4FC2-9771-D09243887D49}.Debug|Any CPU.ActiveCfg = Debug|Any CPU
		{0AD47F43-29CD-4FC2-9771-D09243887D49}.Debug|Any CPU.Build.0 = Debug|Any CPU
		{0AD47F43-29CD-4FC2-9771-D09243887D49}.Release|Any CPU.ActiveCfg = Release|Any CPU
		{0AD47F43-29CD-4FC2-9771-D09243887D49}.Release|Any CPU.Build.0 = Release|Any CPU
	EndGlobalSection
	GlobalSection(SolutionProperties) = preSolution
		HideSolutionNode = FALSE
	EndGlobalSection
	GlobalSection(ExtensibilityGlobals) = postSolution
		SolutionGuid = {4142B585-E96D-45EF-A833-3A6F367E781C}
	EndGlobalSection
EndGlobal
