
Microsoft Visual Studio Solution File, Format Version 12.00
# Visual Studio Version 17
VisualStudioVersion = 17.8.34511.84
MinimumVisualStudioVersion = 10.0.40219.1
Project("{FAE04EC0-301F-11D3-BF4B-00C04F79EFBC}") = "rainDance", "rainDance\rainDance.csproj", "{A52FE651-FA22-4FE4-A4E8-52BACC17EF1C}"
EndProject
Global
	GlobalSection(SolutionConfigurationPlatforms) = preSolution
		Debug|Any CPU = Debug|Any CPU
		Release|Any CPU = Release|Any CPU
	EndGlobalSection
	GlobalSection(ProjectConfigurationPlatforms) = postSolution
		{A52FE651-FA22-4FE4-A4E8-52BACC17EF1C}.Debug|Any CPU.ActiveCfg = Debug|Any CPU
		{A52FE651-FA22-4FE4-A4E8-52BACC17EF1C}.Debug|Any CPU.Build.0 = Debug|Any CPU
		{A52FE651-FA22-4FE4-A4E8-52BACC17EF1C}.Release|Any CPU.ActiveCfg = Release|Any CPU
		{A52FE651-FA22-4FE4-A4E8-52BACC17EF1C}.Release|Any CPU.Build.0 = Release|Any CPU
	EndGlobalSection
	GlobalSection(SolutionProperties) = preSolution
		HideSolutionNode = FALSE
	EndGlobalSection
	GlobalSection(ExtensibilityGlobals) = postSolution
		SolutionGuid = {CBBA2E50-CFB6-4FBD-907F-7FEF6C495BF7}
	EndGlobalSection
EndGlobal
