
Microsoft Visual Studio Solution File, Format Version 12.00
# Visual Studio Version 17
VisualStudioVersion = 17.8.34511.84
MinimumVisualStudioVersion = 10.0.40219.1
Project("{FAE04EC0-301F-11D3-BF4B-00C04F79EFBC}") = "AsyncAndWait", "AsyncAndWait\AsyncAndWait.csproj", "{749B9AD2-51AC-442D-8AB3-9CD6F1CAD75C}"
EndProject
Global
	GlobalSection(SolutionConfigurationPlatforms) = preSolution
		Debug|Any CPU = Debug|Any CPU
		Release|Any CPU = Release|Any CPU
	EndGlobalSection
	GlobalSection(ProjectConfigurationPlatforms) = postSolution
		{749B9AD2-51AC-442D-8AB3-9CD6F1CAD75C}.Debug|Any CPU.ActiveCfg = Debug|Any CPU
		{749B9AD2-51AC-442D-8AB3-9CD6F1CAD75C}.Debug|Any CPU.Build.0 = Debug|Any CPU
		{749B9AD2-51AC-442D-8AB3-9CD6F1CAD75C}.Release|Any CPU.ActiveCfg = Release|Any CPU
		{749B9AD2-51AC-442D-8AB3-9CD6F1CAD75C}.Release|Any CPU.Build.0 = Release|Any CPU
	EndGlobalSection
	GlobalSection(SolutionProperties) = preSolution
		HideSolutionNode = FALSE
	EndGlobalSection
	GlobalSection(ExtensibilityGlobals) = postSolution
		SolutionGuid = {677D6116-077A-4D24-802B-4B5671ABA975}
	EndGlobalSection
EndGlobal
