
Microsoft Visual Studio Solution File, Format Version 12.00
# Visual Studio Version 17
VisualStudioVersion = 17.8.34408.163
MinimumVisualStudioVersion = 10.0.40219.1
Project("{FAE04EC0-301F-11D3-BF4B-00C04F79EFBC}") = "immutableID", "immutableID\immutableID.csproj", "{AAB48313-061A-4740-91B7-5BFD5E4B88E7}"
EndProject
Global
	GlobalSection(SolutionConfigurationPlatforms) = preSolution
		Debug|Any CPU = Debug|Any CPU
		Release|Any CPU = Release|Any CPU
	EndGlobalSection
	GlobalSection(ProjectConfigurationPlatforms) = postSolution
		{AAB48313-061A-4740-91B7-5BFD5E4B88E7}.Debug|Any CPU.ActiveCfg = Debug|Any CPU
		{AAB48313-061A-4740-91B7-5BFD5E4B88E7}.Debug|Any CPU.Build.0 = Debug|Any CPU
		{AAB48313-061A-4740-91B7-5BFD5E4B88E7}.Release|Any CPU.ActiveCfg = Release|Any CPU
		{AAB48313-061A-4740-91B7-5BFD5E4B88E7}.Release|Any CPU.Build.0 = Release|Any CPU
	EndGlobalSection
	GlobalSection(SolutionProperties) = preSolution
		HideSolutionNode = FALSE
	EndGlobalSection
	GlobalSection(ExtensibilityGlobals) = postSolution
		SolutionGuid = {98FAF0AD-D0C6-4862-92B5-066C5DA4F6C4}
	EndGlobalSection
EndGlobal
