
Microsoft Visual Studio Solution File, Format Version 12.00
# Visual Studio Version 17
VisualStudioVersion = 17.8.34511.84
MinimumVisualStudioVersion = 10.0.40219.1
Project("{FAE04EC0-301F-11D3-BF4B-00C04F79EFBC}") = "GenericAnimalClass", "GenericAnimalClass\GenericAnimalClass.csproj", "{8998AAC4-FE88-43DF-8CB3-6AB0F8751B8E}"
EndProject
Global
	GlobalSection(SolutionConfigurationPlatforms) = preSolution
		Debug|Any CPU = Debug|Any CPU
		Release|Any CPU = Release|Any CPU
	EndGlobalSection
	GlobalSection(ProjectConfigurationPlatforms) = postSolution
		{8998AAC4-FE88-43DF-8CB3-6AB0F8751B8E}.Debug|Any CPU.ActiveCfg = Debug|Any CPU
		{8998AAC4-FE88-43DF-8CB3-6AB0F8751B8E}.Debug|Any CPU.Build.0 = Debug|Any CPU
		{8998AAC4-FE88-43DF-8CB3-6AB0F8751B8E}.Release|Any CPU.ActiveCfg = Release|Any CPU
		{8998AAC4-FE88-43DF-8CB3-6AB0F8751B8E}.Release|Any CPU.Build.0 = Release|Any CPU
	EndGlobalSection
	GlobalSection(SolutionProperties) = preSolution
		HideSolutionNode = FALSE
	EndGlobalSection
	GlobalSection(ExtensibilityGlobals) = postSolution
		SolutionGuid = {5CADDDA2-BC4F-4F71-8E0F-48FA782C1B7D}
	EndGlobalSection
EndGlobal
