
Microsoft Visual Studio Solution File, Format Version 12.00
# Visual Studio Version 17
VisualStudioVersion = 17.8.34511.84
MinimumVisualStudioVersion = 10.0.40219.1
Project("{FAE04EC0-301F-11D3-BF4B-00C04F79EFBC}") = "delegateDante", "delegateDante\delegateDante.csproj", "{32BA1271-66FE-41BC-8A53-46C228C88FF4}"
EndProject
Global
	GlobalSection(SolutionConfigurationPlatforms) = preSolution
		Debug|Any CPU = Debug|Any CPU
		Release|Any CPU = Release|Any CPU
	EndGlobalSection
	GlobalSection(ProjectConfigurationPlatforms) = postSolution
		{32BA1271-66FE-41BC-8A53-46C228C88FF4}.Debug|Any CPU.ActiveCfg = Debug|Any CPU
		{32BA1271-66FE-41BC-8A53-46C228C88FF4}.Debug|Any CPU.Build.0 = Debug|Any CPU
		{32BA1271-66FE-41BC-8A53-46C228C88FF4}.Release|Any CPU.ActiveCfg = Release|Any CPU
		{32BA1271-66FE-41BC-8A53-46C228C88FF4}.Release|Any CPU.Build.0 = Release|Any CPU
	EndGlobalSection
	GlobalSection(SolutionProperties) = preSolution
		HideSolutionNode = FALSE
	EndGlobalSection
	GlobalSection(ExtensibilityGlobals) = postSolution
		SolutionGuid = {428C59F8-2BFA-4EEB-8545-BAD9F810B34C}
	EndGlobalSection
EndGlobal
